
Microsoft Visual Studio Solution File, Format Version 12.00
# Visual Studio Version 17
VisualStudioVersion = 17.3.32804.467
MinimumVisualStudioVersion = 10.0.40219.1
Project("{9A19103F-16F7-4668-BE54-9A1E7A4F7556}") = "B2VideoUploader", "B2VideoUploader\B2VideoUploader.csproj", "{65FADD6B-C185-4F8A-98B9-B822751353C4}"
EndProject
Project("{9A19103F-16F7-4668-BE54-9A1E7A4F7556}") = "B2VideoExplorer.Tests", "B2VideoExplorer.Tests\B2VideoExplorer.Tests.csproj", "{DABEE184-D2D5-451E-A259-CF089524BA75}"
EndProject
Project("{2150E333-8FDC-42A3-9474-1A3956D46DE8}") = "Solution Items", "Solution Items", "{77899376-284B-4013-8052-133B60F54875}"
EndProject
Global
	GlobalSection(SolutionConfigurationPlatforms) = preSolution
		Debug|Any CPU = Debug|Any CPU
		Release|Any CPU = Release|Any CPU
	EndGlobalSection
	GlobalSection(ProjectConfigurationPlatforms) = postSolution
		{65FADD6B-C185-4F8A-98B9-B822751353C4}.Debug|Any CPU.ActiveCfg = Debug|Any CPU
		{65FADD6B-C185-4F8A-98B9-B822751353C4}.Debug|Any CPU.Build.0 = Debug|Any CPU
		{65FADD6B-C185-4F8A-98B9-B822751353C4}.Release|Any CPU.ActiveCfg = Release|Any CPU
		{65FADD6B-C185-4F8A-98B9-B822751353C4}.Release|Any CPU.Build.0 = Release|Any CPU
		{DABEE184-D2D5-451E-A259-CF089524BA75}.Debug|Any CPU.ActiveCfg = Debug|Any CPU
		{DABEE184-D2D5-451E-A259-CF089524BA75}.Debug|Any CPU.Build.0 = Debug|Any CPU
		{DABEE184-D2D5-451E-A259-CF089524BA75}.Release|Any CPU.ActiveCfg = Release|Any CPU
	EndGlobalSection
	GlobalSection(SolutionProperties) = preSolution
		HideSolutionNode = FALSE
	EndGlobalSection
	GlobalSection(ExtensibilityGlobals) = postSolution
		SolutionGuid = {E4EF5E11-5052-42D6-8DD6-09D962C54510}
	EndGlobalSection
EndGlobal
